
Microsoft Visual Studio Solution File, Format Version 12.00
# Visual Studio Version 16
VisualStudioVersion = 16.0.31515.178
MinimumVisualStudioVersion = 10.0.40219.1
Project("{9A19103F-16F7-4668-BE54-9A1E7A4F7556}") = "Domain", "PilatesPro\Domain.csproj", "{68BE959B-73EC-4A3D-9EA5-19FD0592D815}"
EndProject
Project("{2150E333-8FDC-42A3-9474-1A3956D46DE8}") = "Business", "Business", "{4EFCEDB0-87E4-4C3D-900A-E8286A49F4BA}"
EndProject
Project("{9A19103F-16F7-4668-BE54-9A1E7A4F7556}") = "Dto", "Dto\Dto.csproj", "{FEDC2CCF-8D20-469D-954D-FC051FE50182}"
EndProject
Project("{9A19103F-16F7-4668-BE54-9A1E7A4F7556}") = "Services", "Services\Services.csproj", "{72C57217-5213-4EEA-8AEE-583280EA07FD}"
EndProject
Project("{9A19103F-16F7-4668-BE54-9A1E7A4F7556}") = "ServicesInterface", "ServicesInterface\ServicesInterface.csproj", "{0668C78D-7AB4-4B07-919E-03AD0B45D239}"
EndProject
Project("{2150E333-8FDC-42A3-9474-1A3956D46DE8}") = "DataAccessLogic", "DataAccessLogic", "{D4C67541-A9DD-4F72-AAA8-360AA3F7B545}"
EndProject
Project("{9A19103F-16F7-4668-BE54-9A1E7A4F7556}") = "DataAccess", "DataAccess\DataAccess.csproj", "{B14E9FF2-5E6F-4A89-B580-E626ECB14774}"
EndProject
Project("{9A19103F-16F7-4668-BE54-9A1E7A4F7556}") = "DataAccessInterface", "DataAccessInterface\DataAccessInterface.csproj", "{3E297770-F6DC-4681-BA93-D5FC611EE229}"
EndProject
Project("{2150E333-8FDC-42A3-9474-1A3956D46DE8}") = "Factories", "Factories", "{E952DD74-4C07-4F94-8704-43ACFE0FD157}"
EndProject
Project("{9A19103F-16F7-4668-BE54-9A1E7A4F7556}") = "Factory", "Factory\Factory.csproj", "{C3774619-4788-4649-8F29-5B4FCF655910}"
EndProject
Project("{9A19103F-16F7-4668-BE54-9A1E7A4F7556}") = "Mapper", "Mapper\Mapper.csproj", "{2CABE6EF-46BE-4040-811D-E8BA65A5CD7F}"
EndProject
Project("{9A19103F-16F7-4668-BE54-9A1E7A4F7556}") = "BusinessLogic", "BusinessLogic\BusinessLogic.csproj", "{D3C78047-BE99-4F69-A1A2-DA98F184B087}"
EndProject
Project("{2150E333-8FDC-42A3-9474-1A3956D46DE8}") = "Commons", "Commons", "{AD708EB5-2082-4EAC-831E-AE6AAC840E11}"
EndProject
Project("{9A19103F-16F7-4668-BE54-9A1E7A4F7556}") = "Commons", "Commons\Commons.csproj", "{84D58D84-0D0E-4CA1-A490-E5EA9CF17102}"
EndProject
Project("{9A19103F-16F7-4668-BE54-9A1E7A4F7556}") = "WebApi", "WebApi\WebApi.csproj", "{17A2986D-8193-4176-BBA9-3756BC0860EC}"
EndProject
Project("{FAE04EC0-301F-11D3-BF4B-00C04F79EFBC}") = "SessionInterface", "SessionInterface\SessionInterface.csproj", "{BE75D8D1-9FF6-40C6-BF1C-68B8A5F2BE06}"
EndProject
Global
	GlobalSection(SolutionConfigurationPlatforms) = preSolution
		Debug|Any CPU = Debug|Any CPU
		Release|Any CPU = Release|Any CPU
	EndGlobalSection
	GlobalSection(ProjectConfigurationPlatforms) = postSolution
		{68BE959B-73EC-4A3D-9EA5-19FD0592D815}.Debug|Any CPU.ActiveCfg = Debug|Any CPU
		{68BE959B-73EC-4A3D-9EA5-19FD0592D815}.Debug|Any CPU.Build.0 = Debug|Any CPU
		{68BE959B-73EC-4A3D-9EA5-19FD0592D815}.Release|Any CPU.ActiveCfg = Release|Any CPU
		{68BE959B-73EC-4A3D-9EA5-19FD0592D815}.Release|Any CPU.Build.0 = Release|Any CPU
		{FEDC2CCF-8D20-469D-954D-FC051FE50182}.Debug|Any CPU.ActiveCfg = Debug|Any CPU
		{FEDC2CCF-8D20-469D-954D-FC051FE50182}.Debug|Any CPU.Build.0 = Debug|Any CPU
		{FEDC2CCF-8D20-469D-954D-FC051FE50182}.Release|Any CPU.ActiveCfg = Release|Any CPU
		{FEDC2CCF-8D20-469D-954D-FC051FE50182}.Release|Any CPU.Build.0 = Release|Any CPU
		{72C57217-5213-4EEA-8AEE-583280EA07FD}.Debug|Any CPU.ActiveCfg = Debug|Any CPU
		{72C57217-5213-4EEA-8AEE-583280EA07FD}.Debug|Any CPU.Build.0 = Debug|Any CPU
		{72C57217-5213-4EEA-8AEE-583280EA07FD}.Release|Any CPU.ActiveCfg = Release|Any CPU
		{72C57217-5213-4EEA-8AEE-583280EA07FD}.Release|Any CPU.Build.0 = Release|Any CPU
		{0668C78D-7AB4-4B07-919E-03AD0B45D239}.Debug|Any CPU.ActiveCfg = Debug|Any CPU
		{0668C78D-7AB4-4B07-919E-03AD0B45D239}.Debug|Any CPU.Build.0 = Debug|Any CPU
		{0668C78D-7AB4-4B07-919E-03AD0B45D239}.Release|Any CPU.ActiveCfg = Release|Any CPU
		{0668C78D-7AB4-4B07-919E-03AD0B45D239}.Release|Any CPU.Build.0 = Release|Any CPU
		{B14E9FF2-5E6F-4A89-B580-E626ECB14774}.Debug|Any CPU.ActiveCfg = Debug|Any CPU
		{B14E9FF2-5E6F-4A89-B580-E626ECB14774}.Debug|Any CPU.Build.0 = Debug|Any CPU
		{B14E9FF2-5E6F-4A89-B580-E626ECB14774}.Release|Any CPU.ActiveCfg = Release|Any CPU
		{B14E9FF2-5E6F-4A89-B580-E626ECB14774}.Release|Any CPU.Build.0 = Release|Any CPU
		{3E297770-F6DC-4681-BA93-D5FC611EE229}.Debug|Any CPU.ActiveCfg = Debug|Any CPU
		{3E297770-F6DC-4681-BA93-D5FC611EE229}.Debug|Any CPU.Build.0 = Debug|Any CPU
		{3E297770-F6DC-4681-BA93-D5FC611EE229}.Release|Any CPU.ActiveCfg = Release|Any CPU
		{3E297770-F6DC-4681-BA93-D5FC611EE229}.Release|Any CPU.Build.0 = Release|Any CPU
		{C3774619-4788-4649-8F29-5B4FCF655910}.Debug|Any CPU.ActiveCfg = Debug|Any CPU
		{C3774619-4788-4649-8F29-5B4FCF655910}.Debug|Any CPU.Build.0 = Debug|Any CPU
		{C3774619-4788-4649-8F29-5B4FCF655910}.Release|Any CPU.ActiveCfg = Release|Any CPU
		{C3774619-4788-4649-8F29-5B4FCF655910}.Release|Any CPU.Build.0 = Release|Any CPU
		{2CABE6EF-46BE-4040-811D-E8BA65A5CD7F}.Debug|Any CPU.ActiveCfg = Debug|Any CPU
		{2CABE6EF-46BE-4040-811D-E8BA65A5CD7F}.Debug|Any CPU.Build.0 = Debug|Any CPU
		{2CABE6EF-46BE-4040-811D-E8BA65A5CD7F}.Release|Any CPU.ActiveCfg = Release|Any CPU
		{2CABE6EF-46BE-4040-811D-E8BA65A5CD7F}.Release|Any CPU.Build.0 = Release|Any CPU
		{D3C78047-BE99-4F69-A1A2-DA98F184B087}.Debug|Any CPU.ActiveCfg = Debug|Any CPU
		{D3C78047-BE99-4F69-A1A2-DA98F184B087}.Debug|Any CPU.Build.0 = Debug|Any CPU
		{D3C78047-BE99-4F69-A1A2-DA98F184B087}.Release|Any CPU.ActiveCfg = Release|Any CPU
		{D3C78047-BE99-4F69-A1A2-DA98F184B087}.Release|Any CPU.Build.0 = Release|Any CPU
		{84D58D84-0D0E-4CA1-A490-E5EA9CF17102}.Debug|Any CPU.ActiveCfg = Debug|Any CPU
		{84D58D84-0D0E-4CA1-A490-E5EA9CF17102}.Debug|Any CPU.Build.0 = Debug|Any CPU
		{84D58D84-0D0E-4CA1-A490-E5EA9CF17102}.Release|Any CPU.ActiveCfg = Release|Any CPU
		{84D58D84-0D0E-4CA1-A490-E5EA9CF17102}.Release|Any CPU.Build.0 = Release|Any CPU
		{17A2986D-8193-4176-BBA9-3756BC0860EC}.Debug|Any CPU.ActiveCfg = Debug|Any CPU
		{17A2986D-8193-4176-BBA9-3756BC0860EC}.Debug|Any CPU.Build.0 = Debug|Any CPU
		{17A2986D-8193-4176-BBA9-3756BC0860EC}.Release|Any CPU.ActiveCfg = Release|Any CPU
		{17A2986D-8193-4176-BBA9-3756BC0860EC}.Release|Any CPU.Build.0 = Release|Any CPU
		{BE75D8D1-9FF6-40C6-BF1C-68B8A5F2BE06}.Debug|Any CPU.ActiveCfg = Debug|Any CPU
		{BE75D8D1-9FF6-40C6-BF1C-68B8A5F2BE06}.Debug|Any CPU.Build.0 = Debug|Any CPU
		{BE75D8D1-9FF6-40C6-BF1C-68B8A5F2BE06}.Release|Any CPU.ActiveCfg = Release|Any CPU
		{BE75D8D1-9FF6-40C6-BF1C-68B8A5F2BE06}.Release|Any CPU.Build.0 = Release|Any CPU
	EndGlobalSection
	GlobalSection(SolutionProperties) = preSolution
		HideSolutionNode = FALSE
	EndGlobalSection
	GlobalSection(NestedProjects) = preSolution
		{68BE959B-73EC-4A3D-9EA5-19FD0592D815} = {4EFCEDB0-87E4-4C3D-900A-E8286A49F4BA}
		{FEDC2CCF-8D20-469D-954D-FC051FE50182} = {4EFCEDB0-87E4-4C3D-900A-E8286A49F4BA}
		{72C57217-5213-4EEA-8AEE-583280EA07FD} = {4EFCEDB0-87E4-4C3D-900A-E8286A49F4BA}
		{0668C78D-7AB4-4B07-919E-03AD0B45D239} = {4EFCEDB0-87E4-4C3D-900A-E8286A49F4BA}
		{B14E9FF2-5E6F-4A89-B580-E626ECB14774} = {D4C67541-A9DD-4F72-AAA8-360AA3F7B545}
		{3E297770-F6DC-4681-BA93-D5FC611EE229} = {D4C67541-A9DD-4F72-AAA8-360AA3F7B545}
		{C3774619-4788-4649-8F29-5B4FCF655910} = {E952DD74-4C07-4F94-8704-43ACFE0FD157}
		{2CABE6EF-46BE-4040-811D-E8BA65A5CD7F} = {E952DD74-4C07-4F94-8704-43ACFE0FD157}
		{D3C78047-BE99-4F69-A1A2-DA98F184B087} = {4EFCEDB0-87E4-4C3D-900A-E8286A49F4BA}
		{84D58D84-0D0E-4CA1-A490-E5EA9CF17102} = {AD708EB5-2082-4EAC-831E-AE6AAC840E11}
		{BE75D8D1-9FF6-40C6-BF1C-68B8A5F2BE06} = {4EFCEDB0-87E4-4C3D-900A-E8286A49F4BA}
	EndGlobalSection
	GlobalSection(ExtensibilityGlobals) = postSolution
		SolutionGuid = {AF91E906-E8EE-42B2-98B8-72623989EAAF}
	EndGlobalSection
EndGlobal
